// !$*UTF8*$!
{
	archiveVersion = 1;
	classes = {
	};
	objectVersion = 50;
	objects = {

/* Begin PBXBuildFile section */
		7FBEBD8B25BB98A100D0F7C0 /* Tests_iOS.swift in Sources */ = {isa = PBXBuildFile; fileRef = 7FBEBD8A25BB98A100D0F7C0 /* Tests_iOS.swift */; };
		7FBEBD9625BB98A100D0F7C0 /* Tests_macOS.swift in Sources */ = {isa = PBXBuildFile; fileRef = 7FBEBD9525BB98A100D0F7C0 /* Tests_macOS.swift */; };
		7FBEBD9925BB98A100D0F7C0 /* VolumeAndSurfaceAreaApp.swift in Sources */ = {isa = PBXBuildFile; fileRef = 7FBEBD6F25BB98A000D0F7C0 /* VolumeAndSurfaceAreaApp.swift */; };
		7FBEBD9B25BB98A100D0F7C0 /* ContentView.swift in Sources */ = {isa = PBXBuildFile; fileRef = 7FBEBD7025BB98A000D0F7C0 /* ContentView.swift */; };
		7FBEBD9D25BB98A100D0F7C0 /* Assets.xcassets in Resources */ = {isa = PBXBuildFile; fileRef = 7FBEBD7125BB98A100D0F7C0 /* Assets.xcassets */; };
		7FBEBDB225BB9AC100D0F7C0 /* Sphere.swift in Sources */ = {isa = PBXBuildFile; fileRef = 7FBEBDB025BB9AC100D0F7C0 /* Sphere.swift */; };
		7FEC653425C47F7800F465EF /* Cube.swift in Sources */ = {isa = PBXBuildFile; fileRef = 7FEC653325C47F7800F465EF /* Cube.swift */; };
		7FEC653C25C4995400F465EF /* NDimensionalObj.swift in Sources */ = {isa = PBXBuildFile; fileRef = 7FEC653B25C4995400F465EF /* NDimensionalObj.swift */; };
/* End PBXBuildFile section */

/* Begin PBXContainerItemProxy section */
		7FBEBD9225BB98A100D0F7C0 /* PBXContainerItemProxy */ = {
			isa = PBXContainerItemProxy;
			containerPortal = 7FBEBD6A25BB98A000D0F7C0 /* Project object */;
			proxyType = 1;
			remoteGlobalIDString = 7FBEBD7D25BB98A100D0F7C0;
			remoteInfo = "VolumeAndSurfaceArea (macOS)";
		};
/* End PBXContainerItemProxy section */

/* Begin PBXFileReference section */
		7FBEBD6F25BB98A000D0F7C0 /* VolumeAndSurfaceAreaApp.swift */ = {isa = PBXFileReference; lastKnownFileType = sourcecode.swift; path = VolumeAndSurfaceAreaApp.swift; sourceTree = "<group>"; };
		7FBEBD7025BB98A000D0F7C0 /* ContentView.swift */ = {isa = PBXFileReference; lastKnownFileType = sourcecode.swift; path = ContentView.swift; sourceTree = "<group>"; };
		7FBEBD7125BB98A100D0F7C0 /* Assets.xcassets */ = {isa = PBXFileReference; lastKnownFileType = folder.assetcatalog; path = Assets.xcassets; sourceTree = "<group>"; };
		7FBEBD7925BB98A100D0F7C0 /* Info.plist */ = {isa = PBXFileReference; lastKnownFileType = text.plist.xml; path = Info.plist; sourceTree = "<group>"; };
		7FBEBD7E25BB98A100D0F7C0 /* VolumeAndSurfaceArea.app */ = {isa = PBXFileReference; explicitFileType = wrapper.application; includeInIndex = 0; path = VolumeAndSurfaceArea.app; sourceTree = BUILT_PRODUCTS_DIR; };
		7FBEBD8025BB98A100D0F7C0 /* Info.plist */ = {isa = PBXFileReference; lastKnownFileType = text.plist.xml; path = Info.plist; sourceTree = "<group>"; };
		7FBEBD8125BB98A100D0F7C0 /* macOS.entitlements */ = {isa = PBXFileReference; lastKnownFileType = text.plist.entitlements; path = macOS.entitlements; sourceTree = "<group>"; };
		7FBEBD8625BB98A100D0F7C0 /* Tests iOS.xctest */ = {isa = PBXFileReference; explicitFileType = wrapper.cfbundle; includeInIndex = 0; path = "Tests iOS.xctest"; sourceTree = BUILT_PRODUCTS_DIR; };
		7FBEBD8A25BB98A100D0F7C0 /* Tests_iOS.swift */ = {isa = PBXFileReference; lastKnownFileType = sourcecode.swift; path = Tests_iOS.swift; sourceTree = "<group>"; };
		7FBEBD8C25BB98A100D0F7C0 /* Info.plist */ = {isa = PBXFileReference; lastKnownFileType = text.plist.xml; path = Info.plist; sourceTree = "<group>"; };
		7FBEBD9125BB98A100D0F7C0 /* Tests macOS.xctest */ = {isa = PBXFileReference; explicitFileType = wrapper.cfbundle; includeInIndex = 0; path = "Tests macOS.xctest"; sourceTree = BUILT_PRODUCTS_DIR; };
		7FBEBD9525BB98A100D0F7C0 /* Tests_macOS.swift */ = {isa = PBXFileReference; lastKnownFileType = sourcecode.swift; path = Tests_macOS.swift; sourceTree = "<group>"; };
		7FBEBD9725BB98A100D0F7C0 /* Info.plist */ = {isa = PBXFileReference; lastKnownFileType = text.plist.xml; path = Info.plist; sourceTree = "<group>"; };
		7FBEBDB025BB9AC100D0F7C0 /* Sphere.swift */ = {isa = PBXFileReference; lastKnownFileType = sourcecode.swift; path = Sphere.swift; sourceTree = "<group>"; };
		7FEC653325C47F7800F465EF /* Cube.swift */ = {isa = PBXFileReference; lastKnownFileType = sourcecode.swift; path = Cube.swift; sourceTree = "<group>"; };
		7FEC653B25C4995400F465EF /* NDimensionalObj.swift */ = {isa = PBXFileReference; lastKnownFileType = sourcecode.swift; path = NDimensionalObj.swift; sourceTree = "<group>"; };
/* End PBXFileReference section */

/* Begin PBXFrameworksBuildPhase section */
		7FBEBD7B25BB98A100D0F7C0 /* Frameworks */ = {
			isa = PBXFrameworksBuildPhase;
			buildActionMask = 2147483647;
			files = (
			);
			runOnlyForDeploymentPostprocessing = 0;
		};
		7FBEBD8325BB98A100D0F7C0 /* Frameworks */ = {
			isa = PBXFrameworksBuildPhase;
			buildActionMask = 2147483647;
			files = (
			);
			runOnlyForDeploymentPostprocessing = 0;
		};
		7FBEBD8E25BB98A100D0F7C0 /* Frameworks */ = {
			isa = PBXFrameworksBuildPhase;
			buildActionMask = 2147483647;
			files = (
			);
			runOnlyForDeploymentPostprocessing = 0;
		};
/* End PBXFrameworksBuildPhase section */

/* Begin PBXGroup section */
		7FBEBD6925BB98A000D0F7C0 = {
			isa = PBXGroup;
			children = (
				7FBEBD6E25BB98A000D0F7C0 /* Shared */,
				7FBEBD7825BB98A100D0F7C0 /* iOS */,
				7FBEBD7F25BB98A100D0F7C0 /* macOS */,
				7FBEBD8925BB98A100D0F7C0 /* Tests iOS */,
				7FBEBD9425BB98A100D0F7C0 /* Tests macOS */,
				7FBEBD7725BB98A100D0F7C0 /* Products */,
			);
			sourceTree = "<group>";
		};
		7FBEBD6E25BB98A000D0F7C0 /* Shared */ = {
			isa = PBXGroup;
			children = (
				7FBEBD6F25BB98A000D0F7C0 /* VolumeAndSurfaceAreaApp.swift */,
				7FBEBD7025BB98A000D0F7C0 /* ContentView.swift */,
				7FBEBD7125BB98A100D0F7C0 /* Assets.xcassets */,
				7FBEBDB025BB9AC100D0F7C0 /* Sphere.swift */,
				7FEC653325C47F7800F465EF /* Cube.swift */,
				7FEC653B25C4995400F465EF /* NDimensionalObj.swift */,
			);
			path = Shared;
			sourceTree = "<group>";
		};
		7FBEBD7725BB98A100D0F7C0 /* Products */ = {
			isa = PBXGroup;
			children = (
				7FBEBD7E25BB98A100D0F7C0 /* VolumeAndSurfaceArea.app */,
				7FBEBD8625BB98A100D0F7C0 /* Tests iOS.xctest */,
				7FBEBD9125BB98A100D0F7C0 /* Tests macOS.xctest */,
			);
			name = Products;
			sourceTree = "<group>";
		};
		7FBEBD7825BB98A100D0F7C0 /* iOS */ = {
			isa = PBXGroup;
			children = (
				7FBEBD7925BB98A100D0F7C0 /* Info.plist */,
			);
			path = iOS;
			sourceTree = "<group>";
		};
		7FBEBD7F25BB98A100D0F7C0 /* macOS */ = {
			isa = PBXGroup;
			children = (
				7FBEBD8025BB98A100D0F7C0 /* Info.plist */,
				7FBEBD8125BB98A100D0F7C0 /* macOS.entitlements */,
			);
			path = macOS;
			sourceTree = "<group>";
		};
		7FBEBD8925BB98A100D0F7C0 /* Tests iOS */ = {
			isa = PBXGroup;
			children = (
				7FBEBD8A25BB98A100D0F7C0 /* Tests_iOS.swift */,
				7FBEBD8C25BB98A100D0F7C0 /* Info.plist */,
			);
			path = "Tests iOS";
			sourceTree = "<group>";
		};
		7FBEBD9425BB98A100D0F7C0 /* Tests macOS */ = {
			isa = PBXGroup;
			children = (
				7FBEBD9525BB98A100D0F7C0 /* Tests_macOS.swift */,
				7FBEBD9725BB98A100D0F7C0 /* Info.plist */,
			);
			path = "Tests macOS";
			sourceTree = "<group>";
		};
/* End PBXGroup section */

/* Begin PBXNativeTarget section */
		7FBEBD7D25BB98A100D0F7C0 /* VolumeAndSurfaceArea (macOS) */ = {
			isa = PBXNativeTarget;
			buildConfigurationList = 7FBEBDA325BB98A100D0F7C0 /* Build configuration list for PBXNativeTarget "VolumeAndSurfaceArea (macOS)" */;
			buildPhases = (
				7FBEBD7A25BB98A100D0F7C0 /* Sources */,
				7FBEBD7B25BB98A100D0F7C0 /* Frameworks */,
				7FBEBD7C25BB98A100D0F7C0 /* Resources */,
			);
			buildRules = (
			);
			dependencies = (
			);
			name = "VolumeAndSurfaceArea (macOS)";
			productName = "VolumeAndSurfaceArea (macOS)";
			productReference = 7FBEBD7E25BB98A100D0F7C0 /* VolumeAndSurfaceArea.app */;
			productType = "com.apple.product-type.application";
		};
		7FBEBD8525BB98A100D0F7C0 /* Tests iOS */ = {
			isa = PBXNativeTarget;
			buildConfigurationList = 7FBEBDA625BB98A100D0F7C0 /* Build configuration list for PBXNativeTarget "Tests iOS" */;
			buildPhases = (
				7FBEBD8225BB98A100D0F7C0 /* Sources */,
				7FBEBD8325BB98A100D0F7C0 /* Frameworks */,
				7FBEBD8425BB98A100D0F7C0 /* Resources */,
			);
			buildRules = (
			);
			dependencies = (
			);
			name = "Tests iOS";
			productName = "Tests iOS";
			productReference = 7FBEBD8625BB98A100D0F7C0 /* Tests iOS.xctest */;
			productType = "com.apple.product-type.bundle.ui-testing";
		};
		7FBEBD9025BB98A100D0F7C0 /* Tests macOS */ = {
			isa = PBXNativeTarget;
			buildConfigurationList = 7FBEBDA925BB98A100D0F7C0 /* Build configuration list for PBXNativeTarget "Tests macOS" */;
			buildPhases = (
				7FBEBD8D25BB98A100D0F7C0 /* Sources */,
				7FBEBD8E25BB98A100D0F7C0 /* Frameworks */,
				7FBEBD8F25BB98A100D0F7C0 /* Resources */,
			);
			buildRules = (
			);
			dependencies = (
				7FBEBD9325BB98A100D0F7C0 /* PBXTargetDependency */,
			);
			name = "Tests macOS";
			productName = "Tests macOS";
			productReference = 7FBEBD9125BB98A100D0F7C0 /* Tests macOS.xctest */;
			productType = "com.apple.product-type.bundle.ui-testing";
		};
/* End PBXNativeTarget section */

/* Begin PBXProject section */
		7FBEBD6A25BB98A000D0F7C0 /* Project object */ = {
			isa = PBXProject;
			attributes = {
				LastSwiftUpdateCheck = 1230;
				LastUpgradeCheck = 1230;
				TargetAttributes = {
					7FBEBD7D25BB98A100D0F7C0 = {
						CreatedOnToolsVersion = 12.3;
					};
					7FBEBD8525BB98A100D0F7C0 = {
						CreatedOnToolsVersion = 12.3;
						TestTargetID = 7FBEBD7525BB98A100D0F7C0;
					};
					7FBEBD9025BB98A100D0F7C0 = {
						CreatedOnToolsVersion = 12.3;
						TestTargetID = 7FBEBD7D25BB98A100D0F7C0;
					};
				};
			};
			buildConfigurationList = 7FBEBD6D25BB98A000D0F7C0 /* Build configuration list for PBXProject "VolumeAndSurfaceArea" */;
			compatibilityVersion = "Xcode 9.3";
			developmentRegion = en;
			hasScannedForEncodings = 0;
			knownRegions = (
				en,
				Base,
			);
			mainGroup = 7FBEBD6925BB98A000D0F7C0;
			productRefGroup = 7FBEBD7725BB98A100D0F7C0 /* Products */;
			projectDirPath = "";
			projectRoot = "";
			targets = (
				7FBEBD7D25BB98A100D0F7C0 /* VolumeAndSurfaceArea (macOS) */,
				7FBEBD8525BB98A100D0F7C0 /* Tests iOS */,
				7FBEBD9025BB98A100D0F7C0 /* Tests macOS */,
			);
		};
/* End PBXProject section */

/* Begin PBXResourcesBuildPhase section */
		7FBEBD7C25BB98A100D0F7C0 /* Resources */ = {
			isa = PBXResourcesBuildPhase;
			buildActionMask = 2147483647;
			files = (
				7FBEBD9D25BB98A100D0F7C0 /* Assets.xcassets in Resources */,
			);
			runOnlyForDeploymentPostprocessing = 0;
		};
		7FBEBD8425BB98A100D0F7C0 /* Resources */ = {
			isa = PBXResourcesBuildPhase;
			buildActionMask = 2147483647;
			files = (
			);
			runOnlyForDeploymentPostprocessing = 0;
		};
		7FBEBD8F25BB98A100D0F7C0 /* Resources */ = {
			isa = PBXResourcesBuildPhase;
			buildActionMask = 2147483647;
			files = (
			);
			runOnlyForDeploymentPostprocessing = 0;
		};
/* End PBXResourcesBuildPhase section */

/* Begin PBXSourcesBuildPhase section */
		7FBEBD7A25BB98A100D0F7C0 /* Sources */ = {
			isa = PBXSourcesBuildPhase;
			buildActionMask = 2147483647;
			files = (
				7FBEBD9B25BB98A100D0F7C0 /* ContentView.swift in Sources */,
				7FEC653425C47F7800F465EF /* Cube.swift in Sources */,
				7FBEBD9925BB98A100D0F7C0 /* VolumeAndSurfaceAreaApp.swift in Sources */,
				7FBEBDB225BB9AC100D0F7C0 /* Sphere.swift in Sources */,
				7FEC653C25C4995400F465EF /* NDimensionalObj.swift in Sources */,
			);
			runOnlyForDeploymentPostprocessing = 0;
		};
		7FBEBD8225BB98A100D0F7C0 /* Sources */ = {
			isa = PBXSourcesBuildPhase;
			buildActionMask = 2147483647;
			files = (
				7FBEBD8B25BB98A100D0F7C0 /* Tests_iOS.swift in Sources */,
			);
			runOnlyForDeploymentPostprocessing = 0;
		};
		7FBEBD8D25BB98A100D0F7C0 /* Sources */ = {
			isa = PBXSourcesBuildPhase;
			buildActionMask = 2147483647;
			files = (
				7FBEBD9625BB98A100D0F7C0 /* Tests_macOS.swift in Sources */,
			);
			runOnlyForDeploymentPostprocessing = 0;
		};
/* End PBXSourcesBuildPhase section */

/* Begin PBXTargetDependency section */
		7FBEBD9325BB98A100D0F7C0 /* PBXTargetDependency */ = {
			isa = PBXTargetDependency;
			target = 7FBEBD7D25BB98A100D0F7C0 /* VolumeAndSurfaceArea (macOS) */;
			targetProxy = 7FBEBD9225BB98A100D0F7C0 /* PBXContainerItemProxy */;
		};
/* End PBXTargetDependency section */

/* Begin XCBuildConfiguration section */
		7FBEBD9E25BB98A100D0F7C0 /* Debug */ = {
			isa = XCBuildConfiguration;
			buildSettings = {
				ALWAYS_SEARCH_USER_PATHS = NO;
				CLANG_ANALYZER_NONNULL = YES;
				CLANG_ANALYZER_NUMBER_OBJECT_CONVERSION = YES_AGGRESSIVE;
				CLANG_CXX_LANGUAGE_STANDARD = "gnu++14";
				CLANG_CXX_LIBRARY = "libc++";
				CLANG_ENABLE_MODULES = YES;
				CLANG_ENABLE_OBJC_ARC = YES;
				CLANG_ENABLE_OBJC_WEAK = YES;
				CLANG_WARN_BLOCK_CAPTURE_AUTORELEASING = YES;
				CLANG_WARN_BOOL_CONVERSION = YES;
				CLANG_WARN_COMMA = YES;
				CLANG_WARN_CONSTANT_CONVERSION = YES;
				CLANG_WARN_DEPRECATED_OBJC_IMPLEMENTATIONS = YES;
				CLANG_WARN_DIRECT_OBJC_ISA_USAGE = YES_ERROR;
				CLANG_WARN_DOCUMENTATION_COMMENTS = YES;
				CLANG_WARN_EMPTY_BODY = YES;
				CLANG_WARN_ENUM_CONVERSION = YES;
				CLANG_WARN_INFINITE_RECURSION = YES;
				CLANG_WARN_INT_CONVERSION = YES;
				CLANG_WARN_NON_LITERAL_NULL_CONVERSION = YES;
				CLANG_WARN_OBJC_IMPLICIT_RETAIN_SELF = YES;
				CLANG_WARN_OBJC_LITERAL_CONVERSION = YES;
				CLANG_WARN_OBJC_ROOT_CLASS = YES_ERROR;
				CLANG_WARN_QUOTED_INCLUDE_IN_FRAMEWORK_HEADER = YES;
				CLANG_WARN_RANGE_LOOP_ANALYSIS = YES;
				CLANG_WARN_STRICT_PROTOTYPES = YES;
				CLANG_WARN_SUSPICIOUS_MOVE = YES;
				CLANG_WARN_UNGUARDED_AVAILABILITY = YES_AGGRESSIVE;
				CLANG_WARN_UNREACHABLE_CODE = YES;
				CLANG_WARN__DUPLICATE_METHOD_MATCH = YES;
				COPY_PHASE_STRIP = NO;
				DEBUG_INFORMATION_FORMAT = dwarf;
				ENABLE_STRICT_OBJC_MSGSEND = YES;
				ENABLE_TESTABILITY = YES;
				GCC_C_LANGUAGE_STANDARD = gnu11;
				GCC_DYNAMIC_NO_PIC = NO;
				GCC_NO_COMMON_BLOCKS = YES;
				GCC_OPTIMIZATION_LEVEL = 0;
				GCC_PREPROCESSOR_DEFINITIONS = (
					"DEBUG=1",
					"$(inherited)",
				);
				GCC_WARN_64_TO_32_BIT_CONVERSION = YES;
				GCC_WARN_ABOUT_RETURN_TYPE = YES_ERROR;
				GCC_WARN_UNDECLARED_SELECTOR = YES;
				GCC_WARN_UNINITIALIZED_AUTOS = YES_AGGRESSIVE;
				GCC_WARN_UNUSED_FUNCTION = YES;
				GCC_WARN_UNUSED_VARIABLE = YES;
				MTL_ENABLE_DEBUG_INFO = INCLUDE_SOURCE;
				MTL_FAST_MATH = YES;
				ONLY_ACTIVE_ARCH = YES;
				SWIFT_ACTIVE_COMPILATION_CONDITIONS = DEBUG;
				SWIFT_OPTIMIZATION_LEVEL = "-Onone";
			};
			name = Debug;
		};
		7FBEBD9F25BB98A100D0F7C0 /* Release */ = {
			isa = XCBuildConfiguration;
			buildSettings = {
				ALWAYS_SEARCH_USER_PATHS = NO;
				CLANG_ANALYZER_NONNULL = YES;
				CLANG_ANALYZER_NUMBER_OBJECT_CONVERSION = YES_AGGRESSIVE;
				CLANG_CXX_LANGUAGE_STANDARD = "gnu++14";
				CLANG_CXX_LIBRARY = "libc++";
				CLANG_ENABLE_MODULES = YES;
				CLANG_ENABLE_OBJC_ARC = YES;
				CLANG_ENABLE_OBJC_WEAK = YES;
				CLANG_WARN_BLOCK_CAPTURE_AUTORELEASING = YES;
				CLANG_WARN_BOOL_CONVERSION = YES;
				CLANG_WARN_COMMA = YES;
				CLANG_WARN_CONSTANT_CONVERSION = YES;
				CLANG_WARN_DEPRECATED_OBJC_IMPLEMENTATIONS = YES;
				CLANG_WARN_DIRECT_OBJC_ISA_USAGE = YES_ERROR;
				CLANG_WARN_DOCUMENTATION_COMMENTS = YES;
				CLANG_WARN_EMPTY_BODY = YES;
				CLANG_WARN_ENUM_CONVERSION = YES;
				CLANG_WARN_INFINITE_RECURSION = YES;
				CLANG_WARN_INT_CONVERSION = YES;
				CLANG_WARN_NON_LITERAL_NULL_CONVERSION = YES;
				CLANG_WARN_OBJC_IMPLICIT_RETAIN_SELF = YES;
				CLANG_WARN_OBJC_LITERAL_CONVERSION = YES;
				CLANG_WARN_OBJC_ROOT_CLASS = YES_ERROR;
				CLANG_WARN_QUOTED_INCLUDE_IN_FRAMEWORK_HEADER = YES;
				CLANG_WARN_RANGE_LOOP_ANALYSIS = YES;
				CLANG_WARN_STRICT_PROTOTYPES = YES;
				CLANG_WARN_SUSPICIOUS_MOVE = YES;
				CLANG_WARN_UNGUARDED_AVAILABILITY = YES_AGGRESSIVE;
				CLANG_WARN_UNREACHABLE_CODE = YES;
				CLANG_WARN__DUPLICATE_METHOD_MATCH = YES;
				COPY_PHASE_STRIP = NO;
				DEBUG_INFORMATION_FORMAT = "dwarf-with-dsym";
				ENABLE_NS_ASSERTIONS = NO;
				ENABLE_STRICT_OBJC_MSGSEND = YES;
				GCC_C_LANGUAGE_STANDARD = gnu11;
				GCC_NO_COMMON_BLOCKS = YES;
				GCC_WARN_64_TO_32_BIT_CONVERSION = YES;
				GCC_WARN_ABOUT_RETURN_TYPE = YES_ERROR;
				GCC_WARN_UNDECLARED_SELECTOR = YES;
				GCC_WARN_UNINITIALIZED_AUTOS = YES_AGGRESSIVE;
				GCC_WARN_UNUSED_FUNCTION = YES;
				GCC_WARN_UNUSED_VARIABLE = YES;
				MTL_ENABLE_DEBUG_INFO = NO;
				MTL_FAST_MATH = YES;
				SWIFT_COMPILATION_MODE = wholemodule;
				SWIFT_OPTIMIZATION_LEVEL = "-O";
			};
			name = Release;
		};
		7FBEBDA425BB98A100D0F7C0 /* Debug */ = {
			isa = XCBuildConfiguration;
			buildSettings = {
				ASSETCATALOG_COMPILER_APPICON_NAME = AppIcon;
				ASSETCATALOG_COMPILER_GLOBAL_ACCENT_COLOR_NAME = AccentColor;
				CODE_SIGN_ENTITLEMENTS = macOS/macOS.entitlements;
				CODE_SIGN_STYLE = Automatic;
				COMBINE_HIDPI_IMAGES = YES;
				DEVELOPMENT_TEAM = 3FRW7Z34LU;
				ENABLE_HARDENED_RUNTIME = YES;
				ENABLE_PREVIEWS = YES;
				INFOPLIST_FILE = macOS/Info.plist;
				LD_RUNPATH_SEARCH_PATHS = (
					"$(inherited)",
					"@executable_path/../Frameworks",
				);
				MACOSX_DEPLOYMENT_TARGET = 11.0;
				PRODUCT_BUNDLE_IDENTIFIER = com.MAiit.VolumeAndSurfaceArea;
				PRODUCT_NAME = VolumeAndSurfaceArea;
				SDKROOT = macosx;
				SWIFT_VERSION = 5.0;
			};
			name = Debug;
		};
		7FBEBDA525BB98A100D0F7C0 /* Release */ = {
			isa = XCBuildConfiguration;
			buildSettings = {
				ASSETCATALOG_COMPILER_APPICON_NAME = AppIcon;
				ASSETCATALOG_COMPILER_GLOBAL_ACCENT_COLOR_NAME = AccentColor;
				CODE_SIGN_ENTITLEMENTS = macOS/macOS.entitlements;
				CODE_SIGN_STYLE = Automatic;
				COMBINE_HIDPI_IMAGES = YES;
				DEVELOPMENT_TEAM = 3FRW7Z34LU;
				ENABLE_HARDENED_RUNTIME = YES;
				ENABLE_PREVIEWS = YES;
				INFOPLIST_FILE = macOS/Info.plist;
				LD_RUNPATH_SEARCH_PATHS = (
					"$(inherited)",
					"@executable_path/../Frameworks",
				);
				MACOSX_DEPLOYMENT_TARGET = 11.0;
				PRODUCT_BUNDLE_IDENTIFIER = com.MAiit.VolumeAndSurfaceArea;
				PRODUCT_NAME = VolumeAndSurfaceArea;
				SDKROOT = macosx;
				SWIFT_VERSION = 5.0;
			};
			name = Release;
		};
		7FBEBDA725BB98A100D0F7C0 /* Debug */ = {
			isa = XCBuildConfiguration;
			buildSettings = {
				ALWAYS_EMBED_SWIFT_STANDARD_LIBRARIES = YES;
				CODE_SIGN_STYLE = Automatic;
				DEVELOPMENT_TEAM = 3FRW7Z34LU;
				INFOPLIST_FILE = "Tests iOS/Info.plist";
				IPHONEOS_DEPLOYMENT_TARGET = 14.3;
				LD_RUNPATH_SEARCH_PATHS = (
					"$(inherited)",
					"@executable_path/Frameworks",
					"@loader_path/Frameworks",
				);
				PRODUCT_BUNDLE_IDENTIFIER = "com.MAiit.Tests-iOS";
				PRODUCT_NAME = "$(TARGET_NAME)";
				SDKROOT = iphoneos;
				SWIFT_VERSION = 5.0;
				TARGETED_DEVICE_FAMILY = "1,2";
				TEST_TARGET_NAME = "VolumeAndSurfaceArea (iOS)";
			};
			name = Debug;
		};
		7FBEBDA825BB98A100D0F7C0 /* Release */ = {
			isa = XCBuildConfiguration;
			buildSettings = {
				ALWAYS_EMBED_SWIFT_STANDARD_LIBRARIES = YES;
				CODE_SIGN_STYLE = Automatic;
				DEVELOPMENT_TEAM = 3FRW7Z34LU;
				INFOPLIST_FILE = "Tests iOS/Info.plist";
				IPHONEOS_DEPLOYMENT_TARGET = 14.3;
				LD_RUNPATH_SEARCH_PATHS = (
					"$(inherited)",
					"@executable_path/Frameworks",
					"@loader_path/Frameworks",
				);
				PRODUCT_BUNDLE_IDENTIFIER = "com.MAiit.Tests-iOS";
				PRODUCT_NAME = "$(TARGET_NAME)";
				SDKROOT = iphoneos;
				SWIFT_VERSION = 5.0;
				TARGETED_DEVICE_FAMILY = "1,2";
				TEST_TARGET_NAME = "VolumeAndSurfaceArea (iOS)";
				VALIDATE_PRODUCT = YES;
			};
			name = Release;
		};
		7FBEBDAA25BB98A100D0F7C0 /* Debug */ = {
			isa = XCBuildConfiguration;
			buildSettings = {
				ALWAYS_EMBED_SWIFT_STANDARD_LIBRARIES = YES;
				CODE_SIGN_STYLE = Automatic;
				COMBINE_HIDPI_IMAGES = YES;
				DEVELOPMENT_TEAM = 3FRW7Z34LU;
				INFOPLIST_FILE = "Tests macOS/Info.plist";
				LD_RUNPATH_SEARCH_PATHS = (
					"$(inherited)",
					"@executable_path/../Frameworks",
					"@loader_path/../Frameworks",
				);
				MACOSX_DEPLOYMENT_TARGET = 11.1;
				PRODUCT_BUNDLE_IDENTIFIER = "com.MAiit.Tests-macOS";
				PRODUCT_NAME = "$(TARGET_NAME)";
				SDKROOT = macosx;
				SWIFT_VERSION = 5.0;
				TEST_TARGET_NAME = "VolumeAndSurfaceArea (macOS)";
			};
			name = Debug;
		};
		7FBEBDAB25BB98A100D0F7C0 /* Release */ = {
			isa = XCBuildConfiguration;
			buildSettings = {
				ALWAYS_EMBED_SWIFT_STANDARD_LIBRARIES = YES;
				CODE_SIGN_STYLE = Automatic;
				COMBINE_HIDPI_IMAGES = YES;
				DEVELOPMENT_TEAM = 3FRW7Z34LU;
				INFOPLIST_FILE = "Tests macOS/Info.plist";
				LD_RUNPATH_SEARCH_PATHS = (
					"$(inherited)",
					"@executable_path/../Frameworks",
					"@loader_path/../Frameworks",
				);
				MACOSX_DEPLOYMENT_TARGET = 11.1;
				PRODUCT_BUNDLE_IDENTIFIER = "com.MAiit.Tests-macOS";
				PRODUCT_NAME = "$(TARGET_NAME)";
				SDKROOT = macosx;
				SWIFT_VERSION = 5.0;
				TEST_TARGET_NAME = "VolumeAndSurfaceArea (macOS)";
			};
			name = Release;
		};
/* End XCBuildConfiguration section */

/* Begin XCConfigurationList section */
		7FBEBD6D25BB98A000D0F7C0 /* Build configuration list for PBXProject "VolumeAndSurfaceArea" */ = {
			isa = XCConfigurationList;
			buildConfigurations = (
				7FBEBD9E25BB98A100D0F7C0 /* Debug */,
				7FBEBD9F25BB98A100D0F7C0 /* Release */,
			);
			defaultConfigurationIsVisible = 0;
			defaultConfigurationName = Release;
		};
		7FBEBDA325BB98A100D0F7C0 /* Build configuration list for PBXNativeTarget "VolumeAndSurfaceArea (macOS)" */ = {
			isa = XCConfigurationList;
			buildConfigurations = (
				7FBEBDA425BB98A100D0F7C0 /* Debug */,
				7FBEBDA525BB98A100D0F7C0 /* Release */,
			);
			defaultConfigurationIsVisible = 0;
			defaultConfigurationName = Release;
		};
		7FBEBDA625BB98A100D0F7C0 /* Build configuration list for PBXNativeTarget "Tests iOS" */ = {
			isa = XCConfigurationList;
			buildConfigurations = (
				7FBEBDA725BB98A100D0F7C0 /* Debug */,
				7FBEBDA825BB98A100D0F7C0 /* Release */,
			);
			defaultConfigurationIsVisible = 0;
			defaultConfigurationName = Release;
		};
		7FBEBDA925BB98A100D0F7C0 /* Build configuration list for PBXNativeTarget "Tests macOS" */ = {
			isa = XCConfigurationList;
			buildConfigurations = (
				7FBEBDAA25BB98A100D0F7C0 /* Debug */,
				7FBEBDAB25BB98A100D0F7C0 /* Release */,
			);
			defaultConfigurationIsVisible = 0;
			defaultConfigurationName = Release;
		};
/* End XCConfigurationList section */
	};
	rootObject = 7FBEBD6A25BB98A000D0F7C0 /* Project object */;
}
